
Microsoft Visual Studio Solution File, Format Version 12.00
# Visual Studio Version 16
VisualStudioVersion = 16.0.30503.244
MinimumVisualStudioVersion = 10.0.40219.1
Project("{FAE04EC0-301F-11D3-BF4B-00C04F79EFBC}") = "SerialPlotter", "SerialPlotter\SerialPlotter.csproj", "{D924BE35-83EF-4A94-8648-C34D0DE2165C}"
EndProject
Global
	GlobalSection(SolutionConfigurationPlatforms) = preSolution
		Debug|Any CPU = Debug|Any CPU
		Release|Any CPU = Release|Any CPU
	EndGlobalSection
	GlobalSection(ProjectConfigurationPlatforms) = postSolution
		{D924BE35-83EF-4A94-8648-C34D0DE2165C}.Debug|Any CPU.ActiveCfg = Debug|Any CPU
		{D924BE35-83EF-4A94-8648-C34D0DE2165C}.Debug|Any CPU.Build.0 = Debug|Any CPU
		{D924BE35-83EF-4A94-8648-C34D0DE2165C}.Release|Any CPU.ActiveCfg = Release|Any CPU
		{D924BE35-83EF-4A94-8648-C34D0DE2165C}.Release|Any CPU.Build.0 = Release|Any CPU
	EndGlobalSection
	GlobalSection(SolutionProperties) = preSolution
		HideSolutionNode = FALSE
	EndGlobalSection
	GlobalSection(ExtensibilityGlobals) = postSolution
		SolutionGuid = {3F4A2F13-E0C6-4F0C-95B5-B28255CF9884}
	EndGlobalSection
EndGlobal
